
Microsoft Visual Studio Solution File, Format Version 12.00
# Visual Studio Version 16
VisualStudioVersion = 16.0.30907.101
MinimumVisualStudioVersion = 10.0.40219.1
Project("{FAE04EC0-301F-11D3-BF4B-00C04F79EFBC}") = "Mongo", "Mongo.csproj", "{FC689AC5-5324-45A7-92FC-A8250BC30AFC}"
EndProject
Global
	GlobalSection(SolutionConfigurationPlatforms) = preSolution
		Debug|Any CPU = Debug|Any CPU
		Release|Any CPU = Release|Any CPU
	EndGlobalSection
	GlobalSection(ProjectConfigurationPlatforms) = postSolution
		{FC689AC5-5324-45A7-92FC-A8250BC30AFC}.Debug|Any CPU.ActiveCfg = Debug|Any CPU
		{FC689AC5-5324-45A7-92FC-A8250BC30AFC}.Debug|Any CPU.Build.0 = Debug|Any CPU
		{FC689AC5-5324-45A7-92FC-A8250BC30AFC}.Release|Any CPU.ActiveCfg = Release|Any CPU
		{FC689AC5-5324-45A7-92FC-A8250BC30AFC}.Release|Any CPU.Build.0 = Release|Any CPU
	EndGlobalSection
	GlobalSection(SolutionProperties) = preSolution
		HideSolutionNode = FALSE
	EndGlobalSection
	GlobalSection(ExtensibilityGlobals) = postSolution
		SolutionGuid = {64AF67F9-D8CC-42C3-BB0C-67B9AD9A8E3A}
	EndGlobalSection
EndGlobal
